<?xml version="1.0" encoding="utf-8"?>
<Project ToolsVersion="4.0" xmlns="http://schemas.microsoft.com/developer/msbuild/2003">
  <ItemGroup>
    <Filter Include="ソース ファイル">
      <UniqueIdentifier>{4FC737F1-C7A5-4376-A066-2A32D752A2FF}</UniqueIdentifier>
      <Extensions>cpp;c;cc;cxx;c++;cppm;ixx;def;odl;idl;hpj;bat;asm;asmx</Extensions>
    </Filter>
    <Filter Include="ヘッダー ファイル">
      <UniqueIdentifier>{93995380-89BD-4b04-88EB-625FBE52EBFB}</UniqueIdentifier>
      <Extensions>h;hh;hpp;hxx;h++;hm;inl;inc;ipp;xsd</Extensions>
    </Filter>
    <Filter Include="リソース ファイル">
      <UniqueIdentifier>{67DA6AB6-F800-4c08-8B7A-83BB121AAD01}</UniqueIdentifier>
      <Extensions>rc;ico;cur;bmp;dlg;rc2;rct;bin;rgs;gif;jpg;jpeg;jpe;resx;tiff;tif;png;wav;mfcribbon-ms</Extensions>
    </Filter>
    <Filter Include="imgui">
      <UniqueIdentifier>{a833b09a-99a4-4271-89fd-db7076b02100}</UniqueIdentifier>
    </Filter>
    <Filter Include="シェーダーファイル">
      <UniqueIdentifier>{723369c9-a439-48b6-81d7-df9926c4b846}</UniqueIdentifier>
    </Filter>
    <Filter Include="ソース ファイル\Engine">
      <UniqueIdentifier>{69a8db82-f612-4367-8edb-eb9416e7b4a9}</UniqueIdentifier>
    </Filter>
    <Filter Include="ソース ファイル\Engine\2d">
      <UniqueIdentifier>{13afaa86-0043-47d1-a789-92bfb1f71a9e}</UniqueIdentifier>
    </Filter>
    <Filter Include="ソース ファイル\Engine\2d\Sprite">
      <UniqueIdentifier>{4d2e7da4-2506-4a42-a613-38d6a35d1d07}</UniqueIdentifier>
    </Filter>
    <Filter Include="ソース ファイル\Engine\3d">
      <UniqueIdentifier>{97fae438-2a01-4489-8e15-b4066766d6b0}</UniqueIdentifier>
    </Filter>
    <Filter Include="ソース ファイル\Engine\3d\Object3d">
      <UniqueIdentifier>{0ccb1530-ad70-4a2e-bdcc-d0c8d28a1fb4}</UniqueIdentifier>
    </Filter>
    <Filter Include="ソース ファイル\Engine\3d\Sphere">
      <UniqueIdentifier>{faf0d11d-e9b2-4b0e-b6b5-b1fff587a423}</UniqueIdentifier>
    </Filter>
    <Filter Include="ソース ファイル\Engine\Camera">
      <UniqueIdentifier>{d1c8fd17-8918-4337-b455-03cdcca1f062}</UniqueIdentifier>
    </Filter>
    <Filter Include="ソース ファイル\Engine\System">
      <UniqueIdentifier>{bd0e6a5a-8457-492c-837d-09d2951e021c}</UniqueIdentifier>
    </Filter>
    <Filter Include="ソース ファイル\Engine\System\Input">
      <UniqueIdentifier>{e3b83c87-0ad2-4e8e-bc7b-ed98b433b71d}</UniqueIdentifier>
    </Filter>
    <Filter Include="ソース ファイル\Engine\System\WinApp">
      <UniqueIdentifier>{869d2eaf-80e9-4026-a961-91428796b70a}</UniqueIdentifier>
    </Filter>
    <Filter Include="ソース ファイル\Engine\System\Utility">
      <UniqueIdentifier>{5a3d3e2e-21c3-4787-a1a5-22348fdf7123}</UniqueIdentifier>
    </Filter>
    <Filter Include="ソース ファイル\Engine\System\Utility\Logger">
      <UniqueIdentifier>{33b5b5f0-2c86-4d0c-8484-c9ac7c44e4d1}</UniqueIdentifier>
    </Filter>
    <Filter Include="ソース ファイル\Engine\System\Utility\ConvertString">
      <UniqueIdentifier>{7ac9ac89-c8af-46e5-bd20-777fb559d21c}</UniqueIdentifier>
    </Filter>
    <Filter Include="ソース ファイル\Engine\System\Utility\CreateResource">
      <UniqueIdentifier>{3148295b-f069-4803-984c-5f57bbdcc8c0}</UniqueIdentifier>
    </Filter>
    <Filter Include="ソース ファイル\Engine\System\Utility\Math">
      <UniqueIdentifier>{2cfb454f-56c0-4eda-9a0c-73831766780c}</UniqueIdentifier>
    </Filter>
    <Filter Include="ソース ファイル\Engine\System\Utility\MatrixFunction">
      <UniqueIdentifier>{077112b5-b2b9-43e0-8742-a6b5d1ee0545}</UniqueIdentifier>
    </Filter>
    <Filter Include="ソース ファイル\Engine\System\DirectXCommon">
      <UniqueIdentifier>{c31d2cd5-c88f-44ac-b5b1-85d9878a4cca}</UniqueIdentifier>
    </Filter>
    <Filter Include="ソース ファイル\Engine\System\TextureManager">
      <UniqueIdentifier>{a9e68c56-772a-4ae6-a559-65f1d9223e19}</UniqueIdentifier>
    </Filter>
    <Filter Include="ソース ファイル\Engine\System\ResourceData">
      <UniqueIdentifier>{4e3786ae-0b6c-425d-b0c9-4de5ee316654}</UniqueIdentifier>
    </Filter>
    <Filter Include="ソース ファイル\Engine\System\Audio">
      <UniqueIdentifier>{8de1a442-c8a2-403f-addf-1be5ad236c48}</UniqueIdentifier>
    </Filter>
    <Filter Include="ソース ファイル\Scene">
      <UniqueIdentifier>{d4c209bb-1e95-4a4b-9ef0-5725df3ac9c4}</UniqueIdentifier>
    </Filter>
    <Filter Include="ソース ファイル\Engine\2d\Triangle">
      <UniqueIdentifier>{d140defe-9d38-4f7c-9933-24f8679477a9}</UniqueIdentifier>
    </Filter>
    <Filter Include="ソース ファイル\Engine\3d\Particles">
      <UniqueIdentifier>{ef9d163b-0e67-4ea7-80b2-87739be97e29}</UniqueIdentifier>
    </Filter>
    <Filter Include="シェーダーファイル\Particles">
      <UniqueIdentifier>{9eadd8fb-3781-4fdd-a182-eb6f3259470e}</UniqueIdentifier>
    </Filter>
    <Filter Include="シェーダーファイル\Sprite">
      <UniqueIdentifier>{1c41bc95-7280-4a5b-b408-0709c02d89db}</UniqueIdentifier>
    </Filter>
    <Filter Include="シェーダーファイル\Object3d">
      <UniqueIdentifier>{d1b397c0-ba67-4da2-b97d-32ec3ff77cc3}</UniqueIdentifier>
    </Filter>
  </ItemGroup>
  <ItemGroup>
    <ClCompile Include="main.cpp">
      <Filter>ソース ファイル</Filter>
    </ClCompile>
    <ClCompile Include="Engine\System\Utility\MatrixFunction\MatrixFunction.cpp">
      <Filter>ソース ファイル\Engine\System\Utility\MatrixFunction</Filter>
    </ClCompile>
    <ClCompile Include="externals\imgui\imgui.cpp">
      <Filter>imgui</Filter>
    </ClCompile>
    <ClCompile Include="externals\imgui\imgui_demo.cpp">
      <Filter>imgui</Filter>
    </ClCompile>
    <ClCompile Include="externals\imgui\imgui_draw.cpp">
      <Filter>imgui</Filter>
    </ClCompile>
    <ClCompile Include="externals\imgui\imgui_impl_dx12.cpp">
      <Filter>imgui</Filter>
    </ClCompile>
    <ClCompile Include="externals\imgui\imgui_impl_win32.cpp">
      <Filter>imgui</Filter>
    </ClCompile>
    <ClCompile Include="externals\imgui\imgui_tables.cpp">
      <Filter>imgui</Filter>
    </ClCompile>
    <ClCompile Include="externals\imgui\imgui_widgets.cpp">
      <Filter>imgui</Filter>
    </ClCompile>
    <ClCompile Include="Engine\Camera\DebugCamera.cpp">
      <Filter>ソース ファイル\Engine\Camera</Filter>
    </ClCompile>
    <ClCompile Include="Engine\Camera\Camera.cpp">
      <Filter>ソース ファイル\Engine\Camera</Filter>
    </ClCompile>
    <ClCompile Include="Engine\System\Input\Input.cpp">
      <Filter>ソース ファイル\Engine\System\Input</Filter>
    </ClCompile>
    <ClCompile Include="Engine\System\WinApp\WinApp.cpp">
      <Filter>ソース ファイル\Engine\System\WinApp</Filter>
    </ClCompile>
    <ClCompile Include="Engine\System\Utility\Logger\Logger.cpp">
      <Filter>ソース ファイル\Engine\System\Utility\Logger</Filter>
    </ClCompile>
    <ClCompile Include="Engine\System\Utility\ConvertString\ConvertString.cpp">
      <Filter>ソース ファイル\Engine\System\Utility\ConvertString</Filter>
    </ClCompile>
    <ClCompile Include="Engine\System\DirectXCommon\DirectXCommon.cpp">
      <Filter>ソース ファイル\Engine\System\DirectXCommon</Filter>
    </ClCompile>
    <ClCompile Include="Engine\System\DirectXCommon\D3DResourceLeakChecker.cpp">
      <Filter>ソース ファイル\Engine\System\DirectXCommon</Filter>
    </ClCompile>
    <ClCompile Include="Engine\2d\Sprite\Sprite.cpp">
      <Filter>ソース ファイル\Engine\2d\Sprite</Filter>
    </ClCompile>
    <ClCompile Include="Engine\System\Utility\CreateResource\CreateResource.cpp">
      <Filter>ソース ファイル\Engine\System\Utility\CreateResource</Filter>
    </ClCompile>
    <ClCompile Include="Engine\System\TextureManager\TextureManager.cpp">
      <Filter>ソース ファイル\Engine\System\TextureManager</Filter>
    </ClCompile>
    <ClCompile Include="Engine\3d\Object3d\Object3d.cpp">
      <Filter>ソース ファイル\Engine\3d\Object3d</Filter>
    </ClCompile>
    <ClCompile Include="Engine\System\Audio\Audio.cpp">
      <Filter>ソース ファイル\Engine\System\Audio</Filter>
    </ClCompile>
    <ClCompile Include="Engine\System\Audio\AudioData.cpp">
      <Filter>ソース ファイル\Engine\System\Audio</Filter>
    </ClCompile>
    <ClCompile Include="Engine\3d\Particles\Particles.cpp">
      <Filter>ソース ファイル\Engine\3d\Particles</Filter>
    </ClCompile>
    <ClCompile Include="Engine\System\GamePad\GamePad.cpp">
      <Filter>ソース ファイル</Filter>
    </ClCompile>
    <ClCompile Include="Engine\3d\Particles\ParticleDescriptorAllocator.cpp">
      <Filter>ソース ファイル</Filter>
    </ClCompile>
    <ClCompile Include="Engine\System\HeapManager\HeapManager.cpp">
      <Filter>ソース ファイル</Filter>
    </ClCompile>
    <ClCompile Include="Engine\System\Utility\GameTimer\GameTimer.cpp">
      <Filter>ソース ファイル</Filter>
    </ClCompile>
    <ClCompile Include="Engine\System\Utility\Easing\Easing.cpp">
      <Filter>ソース ファイル</Filter>
    </ClCompile>
    <ClCompile Include="Application\GameObject\Collison\Collison.cpp">
      <Filter>ソース ファイル</Filter>
    </ClCompile>
    <ClCompile Include="Application\GameObject\ExperiencePoints\ExperiencePoints.cpp">
      <Filter>ソース ファイル</Filter>
    </ClCompile>
    <ClCompile Include="Application\GameObject\Player\Bullet.cpp">
      <Filter>ソース ファイル</Filter>
    </ClCompile>
    <ClCompile Include="Application\GameObject\Player\Player.cpp">
      <Filter>ソース ファイル</Filter>
    </ClCompile>
    <ClCompile Include="Application\GameObject\Player\PlayerWing.cpp">
      <Filter>ソース ファイル</Filter>
    </ClCompile>
    <ClCompile Include="Application\GameObject\Temp\TempGameObject.cpp">
      <Filter>ソース ファイル</Filter>
    </ClCompile>
    <ClCompile Include="Application\GameObject\Thorn\Thorn.cpp">
      <Filter>ソース ファイル</Filter>
    </ClCompile>
    <ClCompile Include="Application\GameUI\SceneFade\SceneFade.cpp">
      <Filter>ソース ファイル</Filter>
    </ClCompile>
    <ClCompile Include="Application\GameUI\Temp\TempGameUI.cpp">
      <Filter>ソース ファイル</Filter>
    </ClCompile>
    <ClCompile Include="Application\Map\Map.cpp">
      <Filter>ソース ファイル</Filter>
    </ClCompile>
    <ClCompile Include="Application\SceneManager\Scene\GameScene.cpp">
      <Filter>ソース ファイル</Filter>
    </ClCompile>
    <ClCompile Include="Application\SceneManager\Scene\ResultScene.cpp">
      <Filter>ソース ファイル</Filter>
    </ClCompile>
    <ClCompile Include="Application\SceneManager\Scene\TitleScene.cpp">
      <Filter>ソース ファイル</Filter>
    </ClCompile>
    <ClCompile Include="Application\SceneManager\Temp\TempScene.cpp">
      <Filter>ソース ファイル</Filter>
    </ClCompile>
    <ClCompile Include="Application\SceneManager\Test\TestScene.cpp">
      <Filter>ソース ファイル</Filter>
    </ClCompile>
    <ClCompile Include="Application\SceneManager\IScene.cpp">
      <Filter>ソース ファイル</Filter>
    </ClCompile>
    <ClCompile Include="Application\SceneManager\SceneManager.cpp">
      <Filter>ソース ファイル</Filter>
    </ClCompile>
    <ClCompile Include="Application\GameObject\BLock\Block.cpp">
      <Filter>ソース ファイル</Filter>
    </ClCompile>
    <ClCompile Include="Application\GameObject\Player\State\PlayerStateLoader.cpp">
      <Filter>ソース ファイル</Filter>
    </ClCompile>
    <ClCompile Include="Engine\3d\Particles\Json\EmitterStateLoder.cpp">
      <Filter>ソース ファイル</Filter>
    </ClCompile>
    <ClCompile Include="Application\GameObject\State\JsonState.cpp">
      <Filter>ソース ファイル</Filter>
    </ClCompile>
  </ItemGroup>
  <ItemGroup>
    <ClInclude Include="Engine\System\Utility\MatrixFunction\MatrixFunction.h">
      <Filter>ソース ファイル\Engine\System\Utility\MatrixFunction</Filter>
    </ClInclude>
    <ClInclude Include="externals\imgui\imconfig.h">
      <Filter>imgui</Filter>
    </ClInclude>
    <ClInclude Include="externals\imgui\imgui.h">
      <Filter>imgui</Filter>
    </ClInclude>
    <ClInclude Include="externals\imgui\imgui_impl_dx12.h">
      <Filter>imgui</Filter>
    </ClInclude>
    <ClInclude Include="externals\imgui\imgui_impl_win32.h">
      <Filter>imgui</Filter>
    </ClInclude>
    <ClInclude Include="externals\imgui\imgui_internal.h">
      <Filter>imgui</Filter>
    </ClInclude>
    <ClInclude Include="externals\imgui\imstb_rectpack.h">
      <Filter>imgui</Filter>
    </ClInclude>
    <ClInclude Include="externals\imgui\imstb_textedit.h">
      <Filter>imgui</Filter>
    </ClInclude>
    <ClInclude Include="externals\imgui\imstb_truetype.h">
      <Filter>imgui</Filter>
    </ClInclude>
    <ClInclude Include="Engine\Camera\DebugCamera.h">
      <Filter>ソース ファイル\Engine\Camera</Filter>
    </ClInclude>
    <ClInclude Include="Engine\Camera\Camera.h">
      <Filter>ソース ファイル\Engine\Camera</Filter>
    </ClInclude>
    <ClInclude Include="Engine\System\Input\Input.h">
      <Filter>ソース ファイル\Engine\System\Input</Filter>
    </ClInclude>
    <ClInclude Include="Engine\System\WinApp\WinApp.h">
      <Filter>ソース ファイル\Engine\System\WinApp</Filter>
    </ClInclude>
    <ClInclude Include="Engine\System\Utility\Logger\Logger.h">
      <Filter>ソース ファイル\Engine\System\Utility\Logger</Filter>
    </ClInclude>
    <ClInclude Include="Engine\System\Utility\ConvertString\ConvertString.h">
      <Filter>ソース ファイル\Engine\System\Utility\ConvertString</Filter>
    </ClInclude>
    <ClInclude Include="Engine\System\DirectXCommon\DirectXCommon.h">
      <Filter>ソース ファイル\Engine\System\DirectXCommon</Filter>
    </ClInclude>
    <ClInclude Include="Engine\System\DirectXCommon\D3DResourceLeakChecker.h">
      <Filter>ソース ファイル\Engine\System\DirectXCommon</Filter>
    </ClInclude>
    <ClInclude Include="Engine\2d\Sprite\Sprite.h">
      <Filter>ソース ファイル\Engine\2d\Sprite</Filter>
    </ClInclude>
    <ClInclude Include="Engine\System\Utility\CreateResource\CreateResource.h">
      <Filter>ソース ファイル\Engine\System\Utility\CreateResource</Filter>
    </ClInclude>
    <ClInclude Include="Engine\System\TextureManager\TextureManager.h">
      <Filter>ソース ファイル\Engine\System\TextureManager</Filter>
    </ClInclude>
    <ClInclude Include="Engine\3d\Object3d\Object3d.h">
      <Filter>ソース ファイル\Engine\3d\Object3d</Filter>
    </ClInclude>
    <ClInclude Include="Engine\System\Utility\Math\Vector2.h">
      <Filter>ソース ファイル\Engine\System\Utility\Math</Filter>
    </ClInclude>
    <ClInclude Include="Engine\System\Utility\Math\Vector3.h">
      <Filter>ソース ファイル\Engine\System\Utility\Math</Filter>
    </ClInclude>
    <ClInclude Include="Engine\System\Utility\Math\Vector4.h">
      <Filter>ソース ファイル\Engine\System\Utility\Math</Filter>
    </ClInclude>
    <ClInclude Include="Engine\System\ResourceData\DirectionalLight.h">
      <Filter>ソース ファイル\Engine\System\ResourceData</Filter>
    </ClInclude>
    <ClInclude Include="Engine\3d\Object3d\Struct\Object3dMaterial.h">
      <Filter>ソース ファイル\Engine\System\ResourceData</Filter>
    </ClInclude>
    <ClInclude Include="Engine\3d\Object3d\Struct\Object3dMaterialData.h">
      <Filter>ソース ファイル\Engine\System\ResourceData</Filter>
    </ClInclude>
    <ClInclude Include="Engine\3d\Object3d\Struct\Object3dModelData.h">
      <Filter>ソース ファイル\Engine\System\ResourceData</Filter>
    </ClInclude>
    <ClInclude Include="Engine\System\ResourceData\Transform.h">
      <Filter>ソース ファイル\Engine\System\ResourceData</Filter>
    </ClInclude>
    <ClInclude Include="Engine\3d\Object3d\Struct\Object3dTransformationMatrix.h">
      <Filter>ソース ファイル\Engine\System\ResourceData</Filter>
    </ClInclude>
    <ClInclude Include="Engine\3d\Object3d\Struct\Object3dVertexData.h">
      <Filter>ソース ファイル\Engine\System\ResourceData</Filter>
    </ClInclude>
    <ClInclude Include="Engine\System\Utility\Math\Matrix4x4.h">
      <Filter>ソース ファイル\Engine\System\Utility\Math</Filter>
    </ClInclude>
    <ClInclude Include="Engine\System\Audio\Audio.h">
      <Filter>ソース ファイル\Engine\System\Audio</Filter>
    </ClInclude>
    <ClInclude Include="Engine\System\Audio\AudioData.h">
      <Filter>ソース ファイル\Engine\System\Audio</Filter>
    </ClInclude>
    <ClInclude Include="Engine\3d\Particles\Particles.h">
      <Filter>ソース ファイル\Engine\3d\Particles</Filter>
    </ClInclude>
    <ClInclude Include="Engine\System\ResourceData\BlendMode.h">
      <Filter>ソース ファイル\Engine\System\ResourceData</Filter>
    </ClInclude>
    <ClInclude Include="Engine\Camera\CameraForGPU.h">
      <Filter>ソース ファイル\Engine\Camera</Filter>
    </ClInclude>
    <ClInclude Include="Engine\System\ResourceData\PointLight.h">
      <Filter>ソース ファイル\Engine\System\ResourceData</Filter>
    </ClInclude>
    <ClInclude Include="Engine\System\ResourceData\SpotLight.h">
      <Filter>ソース ファイル\Engine\System\ResourceData</Filter>
    </ClInclude>
    <ClInclude Include="Engine\3d\Object3d\Struct\Object3dNode.h">
      <Filter>ヘッダー ファイル</Filter>
    </ClInclude>
    <ClInclude Include="Engine\3d\Particles\Struct\ParticleMaterial.h">
      <Filter>ソース ファイル\Engine\3d\Particles</Filter>
    </ClInclude>
    <ClInclude Include="Engine\3d\Particles\Struct\ParticleVertexData.h">
      <Filter>ヘッダー ファイル</Filter>
    </ClInclude>
    <ClInclude Include="Engine\3d\Particles\Struct\ParticleDataCS.h">
      <Filter>ヘッダー ファイル</Filter>
    </ClInclude>
    <ClInclude Include="Engine\3d\Particles\Struct\PreView.h">
      <Filter>ヘッダー ファイル</Filter>
    </ClInclude>
    <ClInclude Include="Engine\3d\Particles\Struct\EmitterSpfere.h">
      <Filter>ヘッダー ファイル</Filter>
    </ClInclude>
    <ClInclude Include="Engine\3d\Particles\Struct\PreFrame.h">
      <Filter>ヘッダー ファイル</Filter>
    </ClInclude>
    <ClInclude Include="Engine\3d\Object3d\Struct\Object3dSubMesh.h">
      <Filter>ヘッダー ファイル</Filter>
    </ClInclude>
    <ClInclude Include="Engine\System\GamePad\GamePad.h">
      <Filter>ヘッダー ファイル</Filter>
    </ClInclude>
    <ClInclude Include="Engine\3d\Particles\ParticleDescriptorAllocator.h">
      <Filter>ヘッダー ファイル</Filter>
    </ClInclude>
    <ClInclude Include="Engine\System\Utility\Random\Random.h">
      <Filter>ヘッダー ファイル</Filter>
    </ClInclude>
    <ClInclude Include="Engine\System\HeapManager\HeapManager.h">
      <Filter>ヘッダー ファイル</Filter>
    </ClInclude>
    <ClInclude Include="Engine\System\Utility\GameTimer\GameTimer.h">
      <Filter>ヘッダー ファイル</Filter>
    </ClInclude>
    <ClInclude Include="Engine\System\Utility\Easing\Easing.h">
      <Filter>ヘッダー ファイル</Filter>
    </ClInclude>
    <ClInclude Include="Engine\System\Utility\GameTimer\DeltaTime.h">
      <Filter>ヘッダー ファイル</Filter>
    </ClInclude>
    <ClInclude Include="Engine\System\Utility\Math\Sphere.h">
      <Filter>ヘッダー ファイル</Filter>
    </ClInclude>
    <ClInclude Include="Engine\System\Utility\Math\AABB.h">
      <Filter>ヘッダー ファイル</Filter>
    </ClInclude>
    <ClInclude Include="Engine\System\Utility\Collision\Collision.h">
      <Filter>ヘッダー ファイル</Filter>
    </ClInclude>
    <ClInclude Include="Application\GameObject\Collison\Collison.h">
      <Filter>ヘッダー ファイル</Filter>
    </ClInclude>
    <ClInclude Include="Application\GameObject\ExperiencePoints\ExperiencePoints.h">
      <Filter>ヘッダー ファイル</Filter>
    </ClInclude>
    <ClInclude Include="Application\GameObject\Player\Bullet.h">
      <Filter>ヘッダー ファイル</Filter>
    </ClInclude>
    <ClInclude Include="Application\GameObject\Player\Player.h">
      <Filter>ヘッダー ファイル</Filter>
    </ClInclude>
    <ClInclude Include="Application\GameObject\Player\PlayerWing.h">
      <Filter>ヘッダー ファイル</Filter>
    </ClInclude>
    <ClInclude Include="Application\GameObject\Temp\TempGameObject.h">
      <Filter>ヘッダー ファイル</Filter>
    </ClInclude>
    <ClInclude Include="Application\GameObject\Thorn\Thorn.h">
      <Filter>ヘッダー ファイル</Filter>
    </ClInclude>
    <ClInclude Include="Application\GameObject\GameObject.h">
      <Filter>ヘッダー ファイル</Filter>
    </ClInclude>
    <ClInclude Include="Application\GameUI\SceneFade\SceneFade.h">
      <Filter>ヘッダー ファイル</Filter>
    </ClInclude>
    <ClInclude Include="Application\GameUI\Temp\TempGameUI.h">
      <Filter>ヘッダー ファイル</Filter>
    </ClInclude>
    <ClInclude Include="Application\GameUI\GameUI.h">
      <Filter>ヘッダー ファイル</Filter>
    </ClInclude>
    <ClInclude Include="Application\Map\Map.h">
      <Filter>ヘッダー ファイル</Filter>
    </ClInclude>
    <ClInclude Include="Application\SceneManager\Scene\GameScene.h">
      <Filter>ヘッダー ファイル</Filter>
    </ClInclude>
    <ClInclude Include="Application\SceneManager\Scene\ResultScene.h">
      <Filter>ヘッダー ファイル</Filter>
    </ClInclude>
    <ClInclude Include="Application\SceneManager\Scene\TitleScene.h">
      <Filter>ヘッダー ファイル</Filter>
    </ClInclude>
    <ClInclude Include="Application\SceneManager\Temp\TempScene.h">
      <Filter>ヘッダー ファイル</Filter>
    </ClInclude>
    <ClInclude Include="Application\SceneManager\Test\TestScene.h">
      <Filter>ヘッダー ファイル</Filter>
    </ClInclude>
    <ClInclude Include="Application\SceneManager\IScene.h">
      <Filter>ヘッダー ファイル</Filter>
    </ClInclude>
    <ClInclude Include="Application\SceneManager\SceneManager.h">
      <Filter>ヘッダー ファイル</Filter>
    </ClInclude>
    <ClInclude Include="Application\AppContext.h">
      <Filter>ヘッダー ファイル</Filter>
    </ClInclude>
    <ClInclude Include="Application\EngineSystem.h">
      <Filter>ヘッダー ファイル</Filter>
    </ClInclude>
    <ClInclude Include="Application\GameObject\BLock\Block.h">
      <Filter>ヘッダー ファイル</Filter>
    </ClInclude>
    <ClInclude Include="Application\GameObject\Player\State\playerState.h">
      <Filter>ヘッダー ファイル</Filter>
    </ClInclude>
    <ClInclude Include="Application\GameObject\Player\State\PlayerStateLoader.h">
      <Filter>ヘッダー ファイル</Filter>
    </ClInclude>
    <ClInclude Include="Engine\3d\Particles\Json\EmitterStateLoder.h">
      <Filter>ヘッダー ファイル</Filter>
    </ClInclude>
    <ClInclude Include="Engine\System\Utility\Math\Plane.h">
    <ClInclude Include="Application\GameObject\State\JsonState.h">
      <Filter>ヘッダー ファイル</Filter>
    </ClInclude>
    <ClInclude Include="Application\GameObject\Player\State\BulletState.h">
      <Filter>ヘッダー ファイル</Filter>
    </ClInclude>
  </ItemGroup>
  <ItemGroup>
    <Text Include="externals\imgui\LICENSE.txt">
      <Filter>imgui</Filter>
    </Text>
  </ItemGroup>
  <ItemGroup>
    <FxCompile Include="resources\shaders\Particles\Particles.PS.hlsl">
      <Filter>シェーダーファイル\Particles</Filter>
    </FxCompile>
    <FxCompile Include="resources\shaders\Particles\Particles.VS.hlsl">
      <Filter>シェーダーファイル\Particles</Filter>
    </FxCompile>
    <FxCompile Include="resources\shaders\Object3d.PS.hlsl">
      <Filter>シェーダーファイル\Object3d</Filter>
    </FxCompile>
    <FxCompile Include="resources\shaders\Object3d.VS.hlsl">
      <Filter>シェーダーファイル\Object3d</Filter>
    </FxCompile>
    <FxCompile Include="resources\shaders\Sprite\Sprite.PS.hlsl">
      <Filter>シェーダーファイル\Sprite</Filter>
    </FxCompile>
    <FxCompile Include="resources\shaders\Sprite\Sprite.VS.hlsl">
      <Filter>シェーダーファイル\Sprite</Filter>
    </FxCompile>
  </ItemGroup>
  <ItemGroup>
    <None Include="resources\shaders\Particles\Particles.hlsli">
      <Filter>シェーダーファイル\Particles</Filter>
    </None>
    <None Include="resources\shaders\Object3d.hlsli">
      <Filter>シェーダーファイル\Object3d</Filter>
    </None>
    <None Include="resources\shaders\Sprite\Sprite.hlsli">
      <Filter>シェーダーファイル\Sprite</Filter>
    </None>
  </ItemGroup>
</Project>