<?xml version="1.0" encoding="utf-8"?>
<Project ToolsVersion="4.0" xmlns="http://schemas.microsoft.com/developer/msbuild/2003">
  <ItemGroup>
    <FxCompile Include="resources\shaders\Object3d.PS.hlsl" />
    <FxCompile Include="resources\shaders\Object3d.VS.hlsl" />
    <FxCompile Include="resources\shaders\Particles\Particles.PS.hlsl" />
    <FxCompile Include="resources\shaders\Particles\Particles.VS.hlsl" />
    <FxCompile Include="resources\shaders\Sprite\Sprite.PS.hlsl" />
    <FxCompile Include="resources\shaders\Sprite\Sprite.VS.hlsl" />
  </ItemGroup>
  <ItemGroup>
    <ClCompile Include="Application\GameObject\Collison\Collison.cpp" />
    <ClCompile Include="Application\GameObject\ExperiencePoints\ExperiencePoints.cpp" />
    <ClCompile Include="Application\GameObject\Player\Bullet.cpp" />
    <ClCompile Include="Application\GameObject\Player\Player.cpp" />
    <ClCompile Include="Application\GameObject\Player\PlayerWing.cpp" />
    <ClCompile Include="Application\GameObject\Player\State\PlayerStateLoader.cpp" />
    <ClCompile Include="Application\GameObject\Temp\TempGameObject.cpp" />
    <ClCompile Include="Application\GameObject\Thorn\Thorn.cpp" />
    <ClCompile Include="Application\GameUI\SceneFade\SceneFade.cpp" />
    <ClCompile Include="Application\GameUI\Temp\TempGameUI.cpp" />
    <ClCompile Include="Application\Map\Map.cpp" />
    <ClCompile Include="Application\SceneManager\IScene.cpp" />
    <ClCompile Include="Application\SceneManager\SceneManager.cpp" />
    <ClCompile Include="Application\SceneManager\Scene\GameScene.cpp" />
    <ClCompile Include="Application\SceneManager\Scene\ResultScene.cpp" />
    <ClCompile Include="Application\SceneManager\Scene\TitleScene.cpp" />
    <ClCompile Include="Application\SceneManager\Temp\TempScene.cpp" />
    <ClCompile Include="Application\SceneManager\Test\TestScene.cpp" />
    <ClCompile Include="Application\GameObject\BLock\Block.cpp" />
    <ClCompile Include="Engine\3d\Particles\Json\EmitterStateLoder.cpp" />
    <ClCompile Include="Engine\3d\Particles\ParticleDescriptorAllocator.cpp" />
    <ClCompile Include="Engine\System\Audio\Audio.cpp" />
    <ClCompile Include="Engine\System\Audio\AudioData.cpp" />
    <ClCompile Include="Engine\Camera\Camera.cpp" />
    <ClCompile Include="Engine\System\GamePad\GamePad.cpp" />
    <ClCompile Include="Engine\System\HeapManager\HeapManager.cpp" />
    <ClCompile Include="Engine\System\Utility\ConvertString\ConvertString.cpp" />
    <ClCompile Include="Engine\System\Utility\CreateResource\CreateResource.cpp" />
    <ClCompile Include="Engine\System\DirectXCommon\D3DResourceLeakChecker.cpp" />
    <ClCompile Include="Engine\Camera\DebugCamera.cpp" />
    <ClCompile Include="Engine\System\DirectXCommon\DirectXCommon.cpp" />
    <ClCompile Include="Engine\System\Utility\Easing\Easing.cpp" />
    <ClCompile Include="Engine\System\Utility\GameTimer\GameTimer.cpp" />
    <ClCompile Include="externals\imgui\imgui.cpp" />
    <ClCompile Include="externals\imgui\imgui_demo.cpp" />
    <ClCompile Include="externals\imgui\imgui_draw.cpp" />
    <ClCompile Include="externals\imgui\imgui_impl_dx12.cpp" />
    <ClCompile Include="externals\imgui\imgui_impl_win32.cpp" />
    <ClCompile Include="externals\imgui\imgui_tables.cpp" />
    <ClCompile Include="externals\imgui\imgui_widgets.cpp" />
    <ClCompile Include="Engine\System\Input\Input.cpp" />
    <ClCompile Include="Engine\System\Utility\Logger\Logger.cpp" />
    <ClCompile Include="Engine\3d\Particles\Particles.cpp" />
    <ClCompile Include="Application\GameObject\State\JsonState.cpp" />
    <ClCompile Include="main.cpp" />
    <ClCompile Include="Engine\System\Utility\MatrixFunction\MatrixFunction.cpp" />
    <ClCompile Include="Engine\3d\Object3d\Object3d.cpp" />
    <ClCompile Include="Engine\2d\Sprite\Sprite.cpp" />
    <ClCompile Include="Engine\System\TextureManager\TextureManager.cpp" />
    <ClCompile Include="Engine\System\WinApp\WinApp.cpp" />
    <ClCompile Include="Engine\System\PSOManager\PSOManager.cpp" />
  </ItemGroup>
  <ItemGroup>
    <ClInclude Include="Application\AppContext.h" />
    <ClInclude Include="Application\EngineSystem.h" />
    <ClInclude Include="Application\GameObject\Collison\Collison.h" />
    <ClInclude Include="Application\GameObject\ExperiencePoints\ExperiencePoints.h" />
    <ClInclude Include="Application\GameObject\GameObject.h" />
    <ClInclude Include="Application\GameObject\Player\Bullet.h" />
    <ClInclude Include="Application\GameObject\Player\Player.h" />
    <ClInclude Include="Application\GameObject\Player\PlayerWing.h" />
    <ClInclude Include="Application\GameObject\Player\State\BulletState.h" />
    <ClInclude Include="Application\GameObject\Player\State\playerState.h" />
    <ClInclude Include="Application\GameObject\Player\State\PlayerStateLoader.h" />
    <ClInclude Include="Application\GameObject\Temp\TempGameObject.h" />
    <ClInclude Include="Application\GameObject\Thorn\Thorn.h" />
    <ClInclude Include="Application\GameUI\GameUI.h" />
    <ClInclude Include="Application\GameUI\SceneFade\SceneFade.h" />
    <ClInclude Include="Application\GameUI\Temp\TempGameUI.h" />
    <ClInclude Include="Application\Map\Map.h" />
    <ClInclude Include="Application\SceneManager\IScene.h" />
    <ClInclude Include="Application\SceneManager\SceneManager.h" />
    <ClInclude Include="Application\SceneManager\Scene\GameScene.h" />
    <ClInclude Include="Application\SceneManager\Scene\ResultScene.h" />
    <ClInclude Include="Application\SceneManager\Scene\TitleScene.h" />
    <ClInclude Include="Application\SceneManager\Temp\TempScene.h" />
    <ClInclude Include="Application\SceneManager\Test\TestScene.h" />
    <ClInclude Include="Application\GameObject\BLock\Block.h" />
    <ClInclude Include="Engine\3d\Particles\Json\EmitterStateLoder.h" />
    <ClInclude Include="Engine\3d\Particles\ParticleDescriptorAllocator.h" />
    <ClInclude Include="Engine\3d\Particles\Struct\EmitterSpfere.h" />
    <ClInclude Include="Engine\3d\Particles\Struct\ParticleDataCS.h" />
    <ClInclude Include="Engine\3d\Particles\Struct\ParticleVertexData.h" />
    <ClInclude Include="Engine\3d\Particles\Struct\PreFrame.h" />
    <ClInclude Include="Engine\3d\Particles\Struct\PreView.h" />
    <ClInclude Include="Engine\Camera\CameraForGPU.h" />
    <ClInclude Include="Engine\System\GamePad\GamePad.h" />
    <ClInclude Include="Engine\System\HeapManager\HeapManager.h" />
    <ClInclude Include="Engine\System\ResourceData\BlendMode.h" />
    <ClInclude Include="Engine\System\Audio\Audio.h" />
    <ClInclude Include="Engine\System\Audio\AudioData.h" />
    <ClInclude Include="Engine\Camera\Camera.h" />
    <ClInclude Include="Engine\3d\Object3d\Struct\Object3dNode.h" />
    <ClInclude Include="Engine\3d\Object3d\Struct\Object3dSubMesh.h" />
    <ClInclude Include="Engine\System\Utility\Collision\Collision.h" />
    <ClInclude Include="Engine\System\Utility\ConvertString\ConvertString.h" />
    <ClInclude Include="Engine\System\Utility\CreateResource\CreateResource.h" />
    <ClInclude Include="Engine\System\DirectXCommon\D3DResourceLeakChecker.h" />
    <ClInclude Include="Engine\Camera\DebugCamera.h" />
    <ClInclude Include="Engine\System\ResourceData\DirectionalLight.h" />
    <ClInclude Include="Engine\System\DirectXCommon\DirectXCommon.h" />
    <ClInclude Include="Engine\System\Utility\Easing\Easing.h" />
    <ClInclude Include="Engine\System\Utility\GameTimer\DeltaTime.h" />
    <ClInclude Include="Engine\System\Utility\GameTimer\GameTimer.h" />
    <ClInclude Include="Engine\System\Utility\Math\AABB.h" />
    <ClInclude Include="Engine\System\Utility\Math\Plane.h" />
    <ClInclude Include="Engine\System\Utility\Math\Sphere.h" />
    <ClInclude Include="externals\imgui\imconfig.h" />
    <ClInclude Include="externals\imgui\imgui.h" />
    <ClInclude Include="externals\imgui\imgui_impl_dx12.h" />
    <ClInclude Include="externals\imgui\imgui_impl_win32.h" />
    <ClInclude Include="externals\imgui\imgui_internal.h" />
    <ClInclude Include="externals\imgui\imstb_rectpack.h" />
    <ClInclude Include="externals\imgui\imstb_textedit.h" />
    <ClInclude Include="externals\imgui\imstb_truetype.h" />
    <ClInclude Include="Engine\System\Input\Input.h" />
    <ClInclude Include="Engine\System\Utility\Logger\Logger.h" />
    <ClInclude Include="Engine\3d\Object3d\Struct\Object3dMaterial.h" />
    <ClInclude Include="Engine\3d\Object3d\Struct\Object3dMaterialData.h" />
    <ClInclude Include="Engine\System\Utility\MatrixFunction\MatrixFunction.h" />
    <ClInclude Include="Engine\3d\Object3d\Struct\Object3dModelData.h" />
    <ClInclude Include="Engine\3d\Object3d\Object3d.h" />
    <ClInclude Include="Engine\2d\Sprite\Sprite.h" />
    <ClInclude Include="Engine\System\TextureManager\TextureManager.h" />
    <ClInclude Include="Engine\System\ResourceData\Transform.h" />
    <ClInclude Include="Engine\3d\Object3d\Struct\Object3dTransformationMatrix.h" />
    <ClInclude Include="Engine\System\Utility\Math\Vector2.h" />
    <ClInclude Include="Engine\System\Utility\Math\Vector4.h" />
    <ClInclude Include="Engine\System\Utility\Math\Vector3.h" />
    <ClInclude Include="Engine\3d\Object3d\Struct\Object3dVertexData.h" />
    <ClInclude Include="Engine\System\WinApp\WinApp.h" />
    <ClInclude Include="Engine\System\Utility\Math\Matrix4x4.h" />
    <ClInclude Include="Engine\3d\Particles\Particles.h" />
    <ClInclude Include="Engine\System\ResourceData\PointLight.h" />
    <ClInclude Include="Engine\3d\Particles\Struct\ParticleMaterial.h" />
    <ClInclude Include="Engine\System\ResourceData\SpotLight.h" />
    <ClInclude Include="Engine\System\Utility\Random\Random.h" />
    <ClInclude Include="Application\GameObject\State\JsonState.h" />
    <ClInclude Include="Engine\System\PSOManager\PSOManager.h" />
    <ClInclude Include="Engine\3d\Particles\Json\EmitterDataJson.h" />
  </ItemGroup>
  <ItemGroup>
    <None Include="resources\shaders\Object3d.hlsli" />
    <None Include="resources\shaders\Particles\Particles.hlsli" />
    <None Include="resources\shaders\Sprite\Sprite.hlsli" />
  </ItemGroup>
  <ItemGroup>
    <Text Include="externals\imgui\LICENSE.txt" />
  </ItemGroup>
</Project>