<?xml version="1.0" encoding="utf-8"?>
<Project ToolsVersion="4.0" xmlns="http://schemas.microsoft.com/developer/msbuild/2003">
  <ItemGroup>
    <FxCompile Include="resources\shaders\Model\Object3d.PS.hlsl" />
    <FxCompile Include="resources\shaders\Model\Object3d.VS.hlsl" />
    <FxCompile Include="resources\shaders\Particles\Particles.PS.hlsl" />
    <FxCompile Include="resources\shaders\Particles\Particles.VS.hlsl" />
    <FxCompile Include="resources\shaders\Sprite\Sprite.PS.hlsl" />
    <FxCompile Include="resources\shaders\Sprite\Sprite.VS.hlsl" />
  </ItemGroup>
  <ItemGroup>
    <ClCompile Include="Application\SceneManager\IScene.cpp" />
    <ClCompile Include="Application\SceneManager\SceneManager.cpp" />
    <ClCompile Include="Application\SceneManager\Test\TestScene.cpp" />
    <ClCompile Include="Engine\Camera\Camera.cpp" />
    <ClCompile Include="Engine\Camera\DebugCamera.cpp" />
    <ClCompile Include="externals\imgui\imgui.cpp" />
    <ClCompile Include="externals\imgui\imgui_demo.cpp" />
    <ClCompile Include="externals\imgui\imgui_draw.cpp" />
    <ClCompile Include="externals\imgui\imgui_impl_dx12.cpp" />
    <ClCompile Include="externals\imgui\imgui_impl_win32.cpp" />
    <ClCompile Include="externals\imgui\imgui_tables.cpp" />
    <ClCompile Include="externals\imgui\imgui_widgets.cpp" />
    <ClCompile Include="main.cpp" />
    <ClCompile Include="Engine\3d\Model\Model.cpp" />
    <ClCompile Include="Engine\2d\Sprite\Sprite.cpp" />
    <ClCompile Include="Application\SceneManager\Scene\TiTleScene.cpp" />
    <ClCompile Include="Application\SceneManager\Scene\GameScene.cpp" />
    <ClCompile Include="Application\SceneManager\Scene\ResultScene.cpp" />
    <ClCompile Include="Application\GameUI\TitleSceneUI\TitleSceneUI.cpp" />
    <ClCompile Include="Application\GameUI\BaseUI.cpp" />
    <ClCompile Include="Application\GameObject\BaseGameObject.cpp" />
    <ClCompile Include="Application\GameObject\Player\Player.cpp" />
    <ClCompile Include="Application\GameCameraCntroller\GameCameraController.cpp" />
    <ClCompile Include="Application\GameObject\EnemyManager\Enemy\Enemy.cpp" />
    <ClCompile Include="Application\GameObject\EnemyManager\EnemyManager.cpp" />
    <ClCompile Include="Application\GameObject\Player\WeaponManager\WeaponManager.cpp" />
    <ClCompile Include="Application\GameObject\Player\WeaponManager\Weapon\Weapon.cpp" />
    <ClCompile Include="Application\GameObject\Player\WeaponManager\Weapon\Bullet\Bullet.cpp" />
    <ClCompile Include="Application\CollisionManager\CollisionManager.cpp" />
    <ClCompile Include="Application\GameObject\EnemyManager\ExpItem\ExpItem.cpp" />
    <ClCompile Include="Application\GameObject\Player\WeaponManager\Weapon\Area\Area.cpp" />
    <ClCompile Include="Engine\3d\Line\Data\Line.cpp" />
    <ClCompile Include="Application\GameObject\Player\WeaponManager\Weapon\Direct\Direct.cpp" />
    <ClCompile Include="Engine\2d\BitmapFont\BitmapFont.cpp" />
    <ClCompile Include="Engine\2d\Gauge\Gauge.cpp" />
    <ClCompile Include="Engine\Core\HeapManager\DescriptorAllocator.cpp" />
    <ClCompile Include="Engine\Audio\Data\Audio.cpp" />
    <ClCompile Include="Engine\Audio\Data\AudioData.cpp" />
    <ClCompile Include="Engine\Core\HeapManager\HeapManager.cpp" />
    <ClCompile Include="Engine\OffScreen\PostEffect\PostEffectManager.cpp" />
    <ClCompile Include="Engine\OffScreen\RenderTexture\RenderTexture.cpp" />
    <ClCompile Include="Engine\Math\MathFunction\MathFunction.cpp" />
    <ClCompile Include="Engine\Core\PSOManager\PSOManager.cpp" />
    <ClCompile Include="Engine\Utility\ConvertString\ConvertString.cpp" />
    <ClCompile Include="Engine\Core\CreateResource\CreateResource.cpp" />
    <ClCompile Include="Engine\Core\DirectXCommon\D3DResourceLeakChecker.cpp" />
    <ClCompile Include="Engine\Core\DirectXCommon\DirectXCommon.cpp" />
    <ClCompile Include="Engine\Utility\Easing\Easing.cpp" />
    <ClCompile Include="Engine\Utility\GameTimer\GameTimer.cpp" />
    <ClCompile Include="Engine\Math\Quaternion\QuaternionFunction.cpp" />
    <ClCompile Include="Engine\Core\Logger\Logger.cpp" />
    <ClCompile Include="Engine\3d\Particle\Particles.cpp" />
    <ClCompile Include="Engine\Math\MatrixFunction\MatrixFunction.cpp" />
    <ClCompile Include="Engine\Core\TextureManager\TextureManager.cpp" />
    <ClCompile Include="Engine\Core\WinApp\WinApp.cpp" />
    <ClCompile Include="Engine\Utility\FileFormat\Binary\BinaryManager.cpp" />
    <ClCompile Include="Engine\Utility\FileFormat\Binary\Data\BinaryOutput.cpp" />
    <ClCompile Include="Engine\Utility\FileFormat\Binary\Data\BinaryInput.cpp" />
    <ClCompile Include="Engine\3d\Model\SkiningModel.cpp" />
    <ClCompile Include="Engine\Input\InputDevice\GamePad.cpp" />
    <ClCompile Include="Engine\Input\InputManager..cpp" />
    <ClCompile Include="Engine\Input\InputDevice\Input.cpp" />
    <ClCompile Include="Engine\Utility\FileFormat\Json\JsonManager.cpp" />
    <ClCompile Include="Engine\Utility\FileFormat\Json\Data\JsonOutput.cpp" />
    <ClCompile Include="Engine\Utility\FileFormat\Json\Data\JsonInput.cpp" />
    <ClCompile Include="Engine\Core\ServiceLocator\ServiceLocator.cpp" />
    <ClCompile Include="Engine\Utility\ImGui\ConsoleWindow.cpp" />
    <ClCompile Include="Engine\Utility\ImGui\HierarchyWindow.cpp" />
    <ClCompile Include="Engine\Utility\ImGui\ImGuiDebugSystem.cpp" />
    <ClCompile Include="Engine\Utility\ImGui\ImGuiHelper.cpp" />
    <ClCompile Include="Engine\Utility\ImGui\ImGuiManager.cpp" />
    <ClCompile Include="Engine\Utility\ImGui\InspectorWindow.cpp" />
    <ClCompile Include="Engine\Utility\ImGui\SceneViewWindow.cpp" />
    <ClCompile Include="Engine\Utility\ImGui\StatsWindow.cpp" />
    <ClCompile Include="Engine\Audio\AudioManager.cpp" />
    <ClCompile Include="Engine\3d\Line\LineManager.cpp" />
    <ClCompile Include="Engine\3d\Model\Data\Animation\Function\AnimationFunction.cpp" />
    <ClCompile Include="Engine\Game\Map\Map3D.cpp" />
  </ItemGroup>
  <ItemGroup>
    <ClInclude Include="Application\EngineSystem.h" />
    <ClInclude Include="Application\SceneManager\IScene.h" />
    <ClInclude Include="Application\SceneManager\SceneManager.h" />
    <ClInclude Include="Application\SceneManager\Test\TestScene.h" />
    <ClInclude Include="Engine\Camera\CameraForGPU.h" />
    <ClInclude Include="Engine\Camera\Camera.h" />
    <ClInclude Include="Engine\Camera\DebugCamera.h" />
    <ClInclude Include="externals\imgui\imconfig.h" />
    <ClInclude Include="externals\imgui\imgui.h" />
    <ClInclude Include="externals\imgui\imgui_impl_dx12.h" />
    <ClInclude Include="externals\imgui\imgui_impl_win32.h" />
    <ClInclude Include="externals\imgui\imgui_internal.h" />
    <ClInclude Include="externals\imgui\imstb_rectpack.h" />
    <ClInclude Include="externals\imgui\imstb_textedit.h" />
    <ClInclude Include="externals\imgui\imstb_truetype.h" />
    <ClInclude Include="Engine\3d\Model\Model.h" />
    <ClInclude Include="Engine\2d\Sprite\Sprite.h" />
    <ClInclude Include="Engine\3d\Particles\Json\EmitterDataJson.h" />
    <ClInclude Include="Application\SceneManager\Scene\TiTleScene.h" />
    <ClInclude Include="Application\SceneManager\Scene\GameScene.h" />
    <ClInclude Include="Application\SceneManager\Scene\ResultScene.h" />
    <ClInclude Include="Application\GameUI\TitleSceneUI\TitleSceneUI.h" />
    <ClInclude Include="Application\GameUI\BaseUI.h" />
    <ClInclude Include="Application\GameObject\BaseGameObject.h" />
    <ClInclude Include="Application\GameObject\Player\Player.h" />
    <ClInclude Include="Application\GameCameraCntroller\GameCameraController.h" />
    <ClInclude Include="Application\GameObject\Player\PlayerStatus.h" />
    <ClInclude Include="Application\GameObject\EnemyManager\Enemy\Enemy.h" />
    <ClInclude Include="Application\GameObject\EnemyManager\EnemyManager.h" />
    <ClInclude Include="Application\GameObject\Player\WeaponManager\WeaponManager.h" />
    <ClInclude Include="Application\GameObject\Player\WeaponManager\WeaponStatus.h" />
    <ClInclude Include="Application\GameObject\EnemyManager\Enemy\EnemyStatus.h" />
    <ClInclude Include="Application\GameObject\Player\WeaponManager\Weapon\Weapon.h" />
    <ClInclude Include="Application\GameObject\Player\WeaponManager\Weapon\Bullet\Bullet.h" />
    <ClInclude Include="Application\CollisionManager\CollisionManager.h" />
    <ClInclude Include="Application\GameObject\EnemyManager\ExpItem\ExpItem.h" />
    <ClInclude Include="Application\GameObject\Player\WeaponManager\WeaponName.h" />
    <ClInclude Include="Application\GameObject\Player\WeaponManager\Weapon\Area\Area.h" />
    <ClInclude Include="Engine\3d\Line\Data\Line.h" />
    <ClInclude Include="Application\GameObject\Player\WeaponManager\Weapon\Direct\Direct.h" />
    <ClInclude Include="Engine\2d\BitmapFont\BitmapFont.h" />
    <ClInclude Include="Engine\2d\Gauge\Gauge.h" />
    <ClInclude Include="Engine\Core\HeapManager\DescriptorAllocator.h" />
    <ClInclude Include="Engine\3d\Particle\Struct\EmitterState.h" />
    <ClInclude Include="Engine\3d\Particle\Struct\ParticleDataStruct.h" />
    <ClInclude Include="Engine\Core\HeapManager\HeapManager.h" />
    <ClInclude Include="Engine\OffScreen\PostEffect\PostEffectManager.h" />
    <ClInclude Include="Engine\OffScreen\PostEffect\PostEffectParams.h" />
    <ClInclude Include="Engine\Core\PSOManager\PSOType.h" />
    <ClInclude Include="Engine\OffScreen\RenderTexture\RenderTexture.h" />
    <ClInclude Include="Engine\Math\MathFunction\MathFunction.h" />
    <ClInclude Include="Engine\Core\PSOManager\PSOManager.h" />
    <ClInclude Include="Engine\Utility\BlendMode\BlendMode.h" />
    <ClInclude Include="Engine\Audio\Data\Audio.h" />
    <ClInclude Include="Engine\Audio\Data\AudioData.h" />
    <ClInclude Include="Engine\Utility\Collision\Collision.h" />
    <ClInclude Include="Engine\Utility\ConvertString\ConvertString.h" />
    <ClInclude Include="Engine\Core\CreateResource\CreateResource.h" />
    <ClInclude Include="Engine\Core\DirectXCommon\D3DResourceLeakChecker.h" />
    <ClInclude Include="Engine\Utility\GameTimer\DeltaTime.h" />
    <ClInclude Include="Engine\Utility\Light\DirectionalLight.h" />
    <ClInclude Include="Engine\Core\DirectXCommon\DirectXCommon.h" />
    <ClInclude Include="Engine\Utility\Easing\Easing.h" />
    <ClInclude Include="Engine\Utility\GameTimer\GameTimer.h" />
    <ClInclude Include="Engine\Utility\Collision\Type\AABB.h" />
    <ClInclude Include="Engine\Utility\Collision\Type\OBB.h" />
    <ClInclude Include="Engine\Utility\Collision\Type\OvalSphere.h" />
    <ClInclude Include="Engine\Utility\Collision\Type\Plane.h" />
    <ClInclude Include="Engine\Math\Type\Quaternion.h" />
    <ClInclude Include="Engine\Utility\Collision\Type\Segment.h" />
    <ClInclude Include="Engine\Utility\Collision\Type\Sphere.h" />
    <ClInclude Include="Engine\Math\Quaternion\QuaternionFunction.h" />
    <ClInclude Include="Engine\Core\Logger\Logger.h" />
    <ClInclude Include="Engine\Math\MatrixFunction\MatrixFunction.h" />
    <ClInclude Include="Engine\Core\TextureManager\TextureManager.h" />
    <ClInclude Include="Engine\Utility\Transform\Transform.h" />
    <ClInclude Include="Engine\Math\Type\Vector2.h" />
    <ClInclude Include="Engine\Math\Type\Vector4.h" />
    <ClInclude Include="Engine\Math\Type\Vector3.h" />
    <ClInclude Include="Engine\Core\WinApp\WinApp.h" />
    <ClInclude Include="Engine\Math\Type\Matrix4x4.h" />
    <ClInclude Include="Engine\3d\Particle\Particles.h" />
    <ClInclude Include="Engine\Utility\Light\PointLight.h" />
    <ClInclude Include="Engine\Utility\Light\SpotLight.h" />
    <ClInclude Include="Engine\Utility\Random\Random.h" />
    <ClInclude Include="Engine\Utility\FileFormat\Binary\BinaryManager.h" />
    <ClInclude Include="Engine\Utility\FileFormat\Binary\Data\Value.h" />
    <ClInclude Include="Engine\Utility\FileFormat\Binary\Data\BinaryOutput.h" />
    <ClInclude Include="Engine\Utility\FileFormat\Binary\Data\BinaryInput.h" />
    <ClInclude Include="Engine\3d\Model\SkiningModel.h" />
    <ClInclude Include="Engine\Utility\Collision\Type\LineStruct.h" />
    <ClInclude Include="Engine\Camera\Frustum.h" />
    <ClInclude Include="Engine\Input\InputDevice\GamePad.h" />
    <ClInclude Include="Engine\Input\InputManager.h" />
    <ClInclude Include="Engine\Input\InputDevice\Input.h" />
    <ClInclude Include="Engine\Utility\FileFormat\Json\JsonManager.h" />
    <ClInclude Include="Engine\Utility\FileFormat\Json\Data\JsonOutput.h" />
    <ClInclude Include="Engine\Utility\FileFormat\Json\Data\JsonInput.h" />
    <ClInclude Include="Engine\Core\ServiceLocator\ServiceLocator.h" />
    <ClInclude Include="Engine\Utility\ImGui\ConsoleWindow.h" />
    <ClInclude Include="Engine\Utility\ImGui\HierarchyWindow.h" />
    <ClInclude Include="Engine\Utility\ImGui\ImGuiDebugSystem.h" />
    <ClInclude Include="Engine\Utility\ImGui\ImGuiHelper.h" />
    <ClInclude Include="Engine\Utility\ImGui\ImGuiManager.h" />
    <ClInclude Include="Engine\Utility\ImGui\InspectorWindow.h" />
    <ClInclude Include="Engine\Utility\ImGui\SceneViewWindow.h" />
    <ClInclude Include="Engine\Utility\ImGui\StatsWindow.h" />
    <ClInclude Include="Engine\Audio\AudioManager.h" />
    <ClInclude Include="Engine\Utility\Easing\Type\EaseType.h" />
    <ClInclude Include="Engine\3d\Line\LineManager.h" />
    <ClInclude Include="Engine\3d\Line\MyDebugLine.h" />
    <ClInclude Include="Engine\Utility\Collision\CollisionShape.h" />
    <ClInclude Include="Engine\Input\MyInput.h" />
    <ClInclude Include="Engine\Audio\MyAudio.h" />
    <ClInclude Include="Engine\Utility\Collision\Type\Circle.h" />
    <ClInclude Include="Engine\3d\Model\Data\Animation\Function\AnimationFunction.h" />
    <ClInclude Include="Engine\3d\Model\Data\Animation\AnimationStruct.h" />
    <ClInclude Include="Engine\3d\Model\Data\ModelDataStruct.h" />
    <ClInclude Include="Engine\Math\Type\Matrix2x2.h" />
    <ClInclude Include="Engine\Math\Type\Matrix3x3.h" />
    <ClInclude Include="Engine\Game\Map\Map3D.h" />
    <ClInclude Include="Engine\Game\Map\Map3D_Usage.h" />
  </ItemGroup>
  <ItemGroup>
    <None Include="resources\shaders\Model\Object3d.hlsli" />
    <None Include="resources\shaders\Particles\Particles.hlsli" />
    <None Include="resources\shaders\Sprite\Sprite.hlsli" />
    <None Include="Engine\3d\Particles\ParticleEmitterShapes_Usage.md" />
    <None Include="resources\json\ranking.json" />
    <None Include="docs\OffscreenRendering_Implementation.md" />
    <None Include="Engine\Utility\ImGui\IMPLEMENTATION_COMPLETE.md" />
    <None Include="Engine\Utility\ImGui\INTEGRATION_GUIDE.md" />
    <None Include="Engine\Utility\ImGui\README.md" />
  </ItemGroup>
</Project>